
Microsoft Visual Studio Solution File, Format Version 12.00
# Visual Studio Version 16
VisualStudioVersion = 16.0.31624.102
MinimumVisualStudioVersion = 10.0.40219.1
Project("{FAE04EC0-301F-11D3-BF4B-00C04F79EFBC}") = "pole", "pole\pole.csproj", "{52927641-810E-41EC-B748-5180B23E01A3}"
EndProject
Global
	GlobalSection(SolutionConfigurationPlatforms) = preSolution
		Debug|Any CPU = Debug|Any CPU
		Release|Any CPU = Release|Any CPU
	EndGlobalSection
	GlobalSection(ProjectConfigurationPlatforms) = postSolution
		{52927641-810E-41EC-B748-5180B23E01A3}.Debug|Any CPU.ActiveCfg = Debug|Any CPU
		{52927641-810E-41EC-B748-5180B23E01A3}.Debug|Any CPU.Build.0 = Debug|Any CPU
		{52927641-810E-41EC-B748-5180B23E01A3}.Release|Any CPU.ActiveCfg = Release|Any CPU
		{52927641-810E-41EC-B748-5180B23E01A3}.Release|Any CPU.Build.0 = Release|Any CPU
	EndGlobalSection
	GlobalSection(SolutionProperties) = preSolution
		HideSolutionNode = FALSE
	EndGlobalSection
	GlobalSection(ExtensibilityGlobals) = postSolution
		SolutionGuid = {93822933-FE26-45A9-B9F8-DE8C28D01BB2}
	EndGlobalSection
EndGlobal
